
Microsoft Visual Studio Solution File, Format Version 12.00
# Visual Studio Version 17
VisualStudioVersion = 17.1.32414.318
MinimumVisualStudioVersion = 10.0.40219.1
Project("{9A19103F-16F7-4668-BE54-9A1E7A4F7556}") = "Integratte.Infra.Testes", "src\Integratte.Infra.Testes\Integratte.Infra.Testes.csproj", "{3B972D57-99C7-4600-9EE9-C4DCC2096A64}"
EndProject
Project("{9A19103F-16F7-4668-BE54-9A1E7A4F7556}") = "Integratte.Infra", "src\Integratte.Infra\Integratte.Infra.csproj", "{3E06909F-648D-4D1E-8BDA-E7811C160A5D}"
EndProject
Project("{2150E333-8FDC-42A3-9474-1A3956D46DE8}") = "_Configuracoes", "_Configuracoes", "{4E46A98E-B199-4545-B9D4-F73AEE705E4E}"
	ProjectSection(SolutionItems) = preProject
		.gitignore = .gitignore
		LICENSE.txt = LICENSE.txt
		README.md = README.md
		Ícone Integratte.png = Ícone Integratte.png
	EndProjectSection
EndProject
Project("{9A19103F-16F7-4668-BE54-9A1E7A4F7556}") = "Integratte.Infra.MediatR", "src\Integratte.Infra.MediatR\Integratte.Infra.MediatR.csproj", "{B3295C2A-7FCB-4DF5-8102-850B21902673}"
EndProject
Project("{9A19103F-16F7-4668-BE54-9A1E7A4F7556}") = "Integratte.Infra.TestesDeApi", "src\Integratte.Infra.TestesDeApi\Integratte.Infra.TestesDeApi.csproj", "{BF365334-7D7B-4B6A-AE4D-C1F4B280CCAC}"
EndProject
Project("{9A19103F-16F7-4668-BE54-9A1E7A4F7556}") = "Integratte.Infra.WebApi", "src\Integratte.Infra.WebApi\Integratte.Infra.WebApi.csproj", "{31F7D033-D935-42F9-AE60-45DC318DC520}"
EndProject
Project("{2150E333-8FDC-42A3-9474-1A3956D46DE8}") = "Testes", "Testes", "{66E4409A-1495-47DF-B421-C2F274E76BEC}"
EndProject
Project("{9A19103F-16F7-4668-BE54-9A1E7A4F7556}") = "Integratte.Infra.EntityFramework", "src\Integratte.Infra.EntityFramework\Integratte.Infra.EntityFramework.csproj", "{3ACFD5F7-C84B-4D74-8A18-24D77F8A7A19}"
EndProject
Project("{9A19103F-16F7-4668-BE54-9A1E7A4F7556}") = "Integratte.Infra.Cache", "src\Integratte.Infra.Cache\Integratte.Infra.Cache.csproj", "{A3C03F8B-B747-495E-A3D5-EBB78FC7CDC8}"
EndProject
Project("{9A19103F-16F7-4668-BE54-9A1E7A4F7556}") = "Integratte.Infra.RestSharp", "src\Integratte.Infra.RestSharp\Integratte.Infra.RestSharp.csproj", "{AC2D2D41-948D-43C5-8F71-7D8C4C68B2A0}"
EndProject
Project("{9A19103F-16F7-4668-BE54-9A1E7A4F7556}") = "Integratte.Infra.JWT", "src\Integratte.Infra.JWT\Integratte.Infra.JWT.csproj", "{2F6A7128-FED6-448E-80CD-6DFA368EA23B}"
EndProject
Global
	GlobalSection(SolutionConfigurationPlatforms) = preSolution
		Debug|Any CPU = Debug|Any CPU
		Release|Any CPU = Release|Any CPU
	EndGlobalSection
	GlobalSection(ProjectConfigurationPlatforms) = postSolution
		{3B972D57-99C7-4600-9EE9-C4DCC2096A64}.Debug|Any CPU.ActiveCfg = Debug|Any CPU
		{3B972D57-99C7-4600-9EE9-C4DCC2096A64}.Debug|Any CPU.Build.0 = Debug|Any CPU
		{3B972D57-99C7-4600-9EE9-C4DCC2096A64}.Release|Any CPU.ActiveCfg = Release|Any CPU
		{3B972D57-99C7-4600-9EE9-C4DCC2096A64}.Release|Any CPU.Build.0 = Release|Any CPU
		{3E06909F-648D-4D1E-8BDA-E7811C160A5D}.Debug|Any CPU.ActiveCfg = Debug|Any CPU
		{3E06909F-648D-4D1E-8BDA-E7811C160A5D}.Debug|Any CPU.Build.0 = Debug|Any CPU
		{3E06909F-648D-4D1E-8BDA-E7811C160A5D}.Release|Any CPU.ActiveCfg = Release|Any CPU
		{3E06909F-648D-4D1E-8BDA-E7811C160A5D}.Release|Any CPU.Build.0 = Release|Any CPU
		{B3295C2A-7FCB-4DF5-8102-850B21902673}.Debug|Any CPU.ActiveCfg = Debug|Any CPU
		{B3295C2A-7FCB-4DF5-8102-850B21902673}.Debug|Any CPU.Build.0 = Debug|Any CPU
		{B3295C2A-7FCB-4DF5-8102-850B21902673}.Release|Any CPU.ActiveCfg = Release|Any CPU
		{B3295C2A-7FCB-4DF5-8102-850B21902673}.Release|Any CPU.Build.0 = Release|Any CPU
		{BF365334-7D7B-4B6A-AE4D-C1F4B280CCAC}.Debug|Any CPU.ActiveCfg = Debug|Any CPU
		{BF365334-7D7B-4B6A-AE4D-C1F4B280CCAC}.Debug|Any CPU.Build.0 = Debug|Any CPU
		{BF365334-7D7B-4B6A-AE4D-C1F4B280CCAC}.Release|Any CPU.ActiveCfg = Release|Any CPU
		{BF365334-7D7B-4B6A-AE4D-C1F4B280CCAC}.Release|Any CPU.Build.0 = Release|Any CPU
		{31F7D033-D935-42F9-AE60-45DC318DC520}.Debug|Any CPU.ActiveCfg = Debug|Any CPU
		{31F7D033-D935-42F9-AE60-45DC318DC520}.Debug|Any CPU.Build.0 = Debug|Any CPU
		{31F7D033-D935-42F9-AE60-45DC318DC520}.Release|Any CPU.ActiveCfg = Release|Any CPU
		{31F7D033-D935-42F9-AE60-45DC318DC520}.Release|Any CPU.Build.0 = Release|Any CPU
		{3ACFD5F7-C84B-4D74-8A18-24D77F8A7A19}.Debug|Any CPU.ActiveCfg = Debug|Any CPU
		{3ACFD5F7-C84B-4D74-8A18-24D77F8A7A19}.Debug|Any CPU.Build.0 = Debug|Any CPU
		{3ACFD5F7-C84B-4D74-8A18-24D77F8A7A19}.Release|Any CPU.ActiveCfg = Release|Any CPU
		{3ACFD5F7-C84B-4D74-8A18-24D77F8A7A19}.Release|Any CPU.Build.0 = Release|Any CPU
		{A3C03F8B-B747-495E-A3D5-EBB78FC7CDC8}.Debug|Any CPU.ActiveCfg = Debug|Any CPU
		{A3C03F8B-B747-495E-A3D5-EBB78FC7CDC8}.Debug|Any CPU.Build.0 = Debug|Any CPU
		{A3C03F8B-B747-495E-A3D5-EBB78FC7CDC8}.Release|Any CPU.ActiveCfg = Release|Any CPU
		{A3C03F8B-B747-495E-A3D5-EBB78FC7CDC8}.Release|Any CPU.Build.0 = Release|Any CPU
		{AC2D2D41-948D-43C5-8F71-7D8C4C68B2A0}.Debug|Any CPU.ActiveCfg = Debug|Any CPU
		{AC2D2D41-948D-43C5-8F71-7D8C4C68B2A0}.Debug|Any CPU.Build.0 = Debug|Any CPU
		{AC2D2D41-948D-43C5-8F71-7D8C4C68B2A0}.Release|Any CPU.ActiveCfg = Release|Any CPU
		{AC2D2D41-948D-43C5-8F71-7D8C4C68B2A0}.Release|Any CPU.Build.0 = Release|Any CPU
		{2F6A7128-FED6-448E-80CD-6DFA368EA23B}.Debug|Any CPU.ActiveCfg = Debug|Any CPU
		{2F6A7128-FED6-448E-80CD-6DFA368EA23B}.Debug|Any CPU.Build.0 = Debug|Any CPU
		{2F6A7128-FED6-448E-80CD-6DFA368EA23B}.Release|Any CPU.ActiveCfg = Release|Any CPU
		{2F6A7128-FED6-448E-80CD-6DFA368EA23B}.Release|Any CPU.Build.0 = Release|Any CPU
	EndGlobalSection
	GlobalSection(SolutionProperties) = preSolution
		HideSolutionNode = FALSE
	EndGlobalSection
	GlobalSection(NestedProjects) = preSolution
		{3B972D57-99C7-4600-9EE9-C4DCC2096A64} = {66E4409A-1495-47DF-B421-C2F274E76BEC}
		{BF365334-7D7B-4B6A-AE4D-C1F4B280CCAC} = {66E4409A-1495-47DF-B421-C2F274E76BEC}
	EndGlobalSection
	GlobalSection(ExtensibilityGlobals) = postSolution
		SolutionGuid = {9ACFB578-B2E2-4000-B428-CCCAE9BC9728}
	EndGlobalSection
EndGlobal
