
Microsoft Visual Studio Solution File, Format Version 12.00
# Visual Studio Version 17
VisualStudioVersion = 17.1.32414.318
MinimumVisualStudioVersion = 10.0.40219.1
Project("{9A19103F-16F7-4668-BE54-9A1E7A4F7556}") = "Integratte.Infra.Testes", "src\Integratte.Infra.Testes\Integratte.Infra.Testes.csproj", "{3B972D57-99C7-4600-9EE9-C4DCC2096A64}"
EndProject
Project("{9A19103F-16F7-4668-BE54-9A1E7A4F7556}") = "Integratte.Infra", "src\Integratte.Infra\Integratte.Infra.csproj", "{3E06909F-648D-4D1E-8BDA-E7811C160A5D}"
EndProject
Project("{2150E333-8FDC-42A3-9474-1A3956D46DE8}") = "_Configuracoes", "_Configuracoes", "{4E46A98E-B199-4545-B9D4-F73AEE705E4E}"
	ProjectSection(SolutionItems) = preProject
		.gitignore = .gitignore
		LICENSE.txt = LICENSE.txt
		README.md = README.md
		Ícone Integratte.png = Ícone Integratte.png
	EndProjectSection
EndProject
Project("{9A19103F-16F7-4668-BE54-9A1E7A4F7556}") = "Integratte.Infra.MediatR", "src\Integratte.Infra.MediatR\Integratte.Infra.MediatR.csproj", "{B3295C2A-7FCB-4DF5-8102-850B21902673}"
EndProject
Project("{FAE04EC0-301F-11D3-BF4B-00C04F79EFBC}") = "Integratte.Infra.TestesDeApi", "src\Integratte.Infra.TestesDeApi\Integratte.Infra.TestesDeApi.csproj", "{BF365334-7D7B-4B6A-AE4D-C1F4B280CCAC}"
EndProject
Global
	GlobalSection(SolutionConfigurationPlatforms) = preSolution
		Debug|Any CPU = Debug|Any CPU
		Release|Any CPU = Release|Any CPU
	EndGlobalSection
	GlobalSection(ProjectConfigurationPlatforms) = postSolution
		{3B972D57-99C7-4600-9EE9-C4DCC2096A64}.Debug|Any CPU.ActiveCfg = Debug|Any CPU
		{3B972D57-99C7-4600-9EE9-C4DCC2096A64}.Debug|Any CPU.Build.0 = Debug|Any CPU
		{3B972D57-99C7-4600-9EE9-C4DCC2096A64}.Release|Any CPU.ActiveCfg = Release|Any CPU
		{3B972D57-99C7-4600-9EE9-C4DCC2096A64}.Release|Any CPU.Build.0 = Release|Any CPU
		{3E06909F-648D-4D1E-8BDA-E7811C160A5D}.Debug|Any CPU.ActiveCfg = Debug|Any CPU
		{3E06909F-648D-4D1E-8BDA-E7811C160A5D}.Debug|Any CPU.Build.0 = Debug|Any CPU
		{3E06909F-648D-4D1E-8BDA-E7811C160A5D}.Release|Any CPU.ActiveCfg = Release|Any CPU
		{3E06909F-648D-4D1E-8BDA-E7811C160A5D}.Release|Any CPU.Build.0 = Release|Any CPU
		{B3295C2A-7FCB-4DF5-8102-850B21902673}.Debug|Any CPU.ActiveCfg = Debug|Any CPU
		{B3295C2A-7FCB-4DF5-8102-850B21902673}.Debug|Any CPU.Build.0 = Debug|Any CPU
		{B3295C2A-7FCB-4DF5-8102-850B21902673}.Release|Any CPU.ActiveCfg = Release|Any CPU
		{B3295C2A-7FCB-4DF5-8102-850B21902673}.Release|Any CPU.Build.0 = Release|Any CPU
		{BF365334-7D7B-4B6A-AE4D-C1F4B280CCAC}.Debug|Any CPU.ActiveCfg = Debug|Any CPU
		{BF365334-7D7B-4B6A-AE4D-C1F4B280CCAC}.Debug|Any CPU.Build.0 = Debug|Any CPU
		{BF365334-7D7B-4B6A-AE4D-C1F4B280CCAC}.Release|Any CPU.ActiveCfg = Release|Any CPU
		{BF365334-7D7B-4B6A-AE4D-C1F4B280CCAC}.Release|Any CPU.Build.0 = Release|Any CPU
	EndGlobalSection
	GlobalSection(SolutionProperties) = preSolution
		HideSolutionNode = FALSE
	EndGlobalSection
	GlobalSection(ExtensibilityGlobals) = postSolution
		SolutionGuid = {9ACFB578-B2E2-4000-B428-CCCAE9BC9728}
	EndGlobalSection
EndGlobal
